
Microsoft Visual Studio Solution File, Format Version 12.00
# Visual Studio Version 17
VisualStudioVersion = 17.9.34607.119
MinimumVisualStudioVersion = 10.0.40219.1
Project("{9A19103F-16F7-4668-BE54-9A1E7A4F7556}") = "Ozon.Route256.Practice.OrdersService", "Ozon.Route256.Practice.OrdersService\Ozon.Route256.Practice.OrdersService.csproj", "{345C7A1F-26D9-4FED-8A97-7F2170948BDD}"
EndProject
Project("{9A19103F-16F7-4668-BE54-9A1E7A4F7556}") = "Ozon.Route256.Practice.GatewayService", "Ozon.Route256.Practice.GatewayService\Ozon.Route256.Practice.GatewayService.csproj", "{3A6454FF-A87A-4A8E-A775-2BB3DB9FEB30}"
EndProject
Global
	GlobalSection(SolutionConfigurationPlatforms) = preSolution
		Debug|Any CPU = Debug|Any CPU
		Release|Any CPU = Release|Any CPU
	EndGlobalSection
	GlobalSection(ProjectConfigurationPlatforms) = postSolution
		{345C7A1F-26D9-4FED-8A97-7F2170948BDD}.Debug|Any CPU.ActiveCfg = Debug|Any CPU
		{345C7A1F-26D9-4FED-8A97-7F2170948BDD}.Debug|Any CPU.Build.0 = Debug|Any CPU
		{345C7A1F-26D9-4FED-8A97-7F2170948BDD}.Release|Any CPU.ActiveCfg = Release|Any CPU
		{345C7A1F-26D9-4FED-8A97-7F2170948BDD}.Release|Any CPU.Build.0 = Release|Any CPU
		{3A6454FF-A87A-4A8E-A775-2BB3DB9FEB30}.Debug|Any CPU.ActiveCfg = Debug|Any CPU
		{3A6454FF-A87A-4A8E-A775-2BB3DB9FEB30}.Debug|Any CPU.Build.0 = Debug|Any CPU
		{3A6454FF-A87A-4A8E-A775-2BB3DB9FEB30}.Release|Any CPU.ActiveCfg = Release|Any CPU
		{3A6454FF-A87A-4A8E-A775-2BB3DB9FEB30}.Release|Any CPU.Build.0 = Release|Any CPU
	EndGlobalSection
	GlobalSection(SolutionProperties) = preSolution
		HideSolutionNode = FALSE
	EndGlobalSection
	GlobalSection(ExtensibilityGlobals) = postSolution
		SolutionGuid = {A54EFB8A-1E2A-4516-B41B-5B625A7685FE}
	EndGlobalSection
EndGlobal
